
Microsoft Visual Studio Solution File, Format Version 12.00
# Visual Studio Version 17
VisualStudioVersion = 17.7.34024.191
MinimumVisualStudioVersion = 10.0.40219.1
Project("{8BC9CEB8-8B4A-11D0-8D11-00A0C91BC942}") = "SE_asm01", "SE_asm01\SE_asm01.vcxproj", "{3807B89C-9247-4953-ABB1-547253A04EBE}"
EndProject
Project("{8BC9CEB8-8B4A-11D0-8D11-00A0C91BC942}") = "SE_asm01a", "SE_asm01a\SE_asm01a.vcxproj", "{6CC09632-1C85-489D-B2C0-21F9D742A560}"
EndProject
Project("{8BC9CEB8-8B4A-11D0-8D11-00A0C91BC942}") = "SE_asm01b", "SE_asm01b\SE_asm01b.vcxproj", "{4A2F82B3-0279-42F6-9E70-6CFC9FB7E1B0}"
EndProject
Project("{8BC9CEB8-8B4A-11D0-8D11-00A0C91BC942}") = "SE_asm01c", "SE_asm01c\SE_asm01c.vcxproj", "{ABF235E1-B995-404D-B274-08A8E97FF2E2}"
EndProject
Project("{8BC9CEB8-8B4A-11D0-8D11-00A0C91BC942}") = "SE_asm01d", "SE_asm01d\SE_asm01d.vcxproj", "{5FA17E78-4601-4B80-8170-621F9016326D}"
EndProject
Project("{8BC9CEB8-8B4A-11D0-8D11-00A0C91BC942}") = "SE_asm01e", "SE_asm01e\SE_asm01e.vcxproj", "{800BBEAE-D47E-4D36-9C9A-8ACBDFD16390}"
EndProject
Global
	GlobalSection(SolutionConfigurationPlatforms) = preSolution
		Debug|x64 = Debug|x64
		Debug|x86 = Debug|x86
		Release|x64 = Release|x64
		Release|x86 = Release|x86
	EndGlobalSection
	GlobalSection(ProjectConfigurationPlatforms) = postSolution
		{3807B89C-9247-4953-ABB1-547253A04EBE}.Debug|x64.ActiveCfg = Debug|x64
		{3807B89C-9247-4953-ABB1-547253A04EBE}.Debug|x64.Build.0 = Debug|x64
		{3807B89C-9247-4953-ABB1-547253A04EBE}.Debug|x86.ActiveCfg = Debug|Win32
		{3807B89C-9247-4953-ABB1-547253A04EBE}.Debug|x86.Build.0 = Debug|Win32
		{3807B89C-9247-4953-ABB1-547253A04EBE}.Release|x64.ActiveCfg = Release|x64
		{3807B89C-9247-4953-ABB1-547253A04EBE}.Release|x64.Build.0 = Release|x64
		{3807B89C-9247-4953-ABB1-547253A04EBE}.Release|x86.ActiveCfg = Release|Win32
		{3807B89C-9247-4953-ABB1-547253A04EBE}.Release|x86.Build.0 = Release|Win32
		{6CC09632-1C85-489D-B2C0-21F9D742A560}.Debug|x64.ActiveCfg = Debug|x64
		{6CC09632-1C85-489D-B2C0-21F9D742A560}.Debug|x64.Build.0 = Debug|x64
		{6CC09632-1C85-489D-B2C0-21F9D742A560}.Debug|x86.ActiveCfg = Debug|Win32
		{6CC09632-1C85-489D-B2C0-21F9D742A560}.Debug|x86.Build.0 = Debug|Win32
		{6CC09632-1C85-489D-B2C0-21F9D742A560}.Release|x64.ActiveCfg = Release|x64
		{6CC09632-1C85-489D-B2C0-21F9D742A560}.Release|x64.Build.0 = Release|x64
		{6CC09632-1C85-489D-B2C0-21F9D742A560}.Release|x86.ActiveCfg = Release|Win32
		{6CC09632-1C85-489D-B2C0-21F9D742A560}.Release|x86.Build.0 = Release|Win32
		{4A2F82B3-0279-42F6-9E70-6CFC9FB7E1B0}.Debug|x64.ActiveCfg = Debug|x64
		{4A2F82B3-0279-42F6-9E70-6CFC9FB7E1B0}.Debug|x64.Build.0 = Debug|x64
		{4A2F82B3-0279-42F6-9E70-6CFC9FB7E1B0}.Debug|x86.ActiveCfg = Debug|Win32
		{4A2F82B3-0279-42F6-9E70-6CFC9FB7E1B0}.Debug|x86.Build.0 = Debug|Win32
		{4A2F82B3-0279-42F6-9E70-6CFC9FB7E1B0}.Release|x64.ActiveCfg = Release|x64
		{4A2F82B3-0279-42F6-9E70-6CFC9FB7E1B0}.Release|x64.Build.0 = Release|x64
		{4A2F82B3-0279-42F6-9E70-6CFC9FB7E1B0}.Release|x86.ActiveCfg = Release|Win32
		{4A2F82B3-0279-42F6-9E70-6CFC9FB7E1B0}.Release|x86.Build.0 = Release|Win32
		{ABF235E1-B995-404D-B274-08A8E97FF2E2}.Debug|x64.ActiveCfg = Debug|x64
		{ABF235E1-B995-404D-B274-08A8E97FF2E2}.Debug|x64.Build.0 = Debug|x64
		{ABF235E1-B995-404D-B274-08A8E97FF2E2}.Debug|x86.ActiveCfg = Debug|Win32
		{ABF235E1-B995-404D-B274-08A8E97FF2E2}.Debug|x86.Build.0 = Debug|Win32
		{ABF235E1-B995-404D-B274-08A8E97FF2E2}.Release|x64.ActiveCfg = Release|x64
		{ABF235E1-B995-404D-B274-08A8E97FF2E2}.Release|x64.Build.0 = Release|x64
		{ABF235E1-B995-404D-B274-08A8E97FF2E2}.Release|x86.ActiveCfg = Release|Win32
		{ABF235E1-B995-404D-B274-08A8E97FF2E2}.Release|x86.Build.0 = Release|Win32
		{5FA17E78-4601-4B80-8170-621F9016326D}.Debug|x64.ActiveCfg = Debug|x64
		{5FA17E78-4601-4B80-8170-621F9016326D}.Debug|x64.Build.0 = Debug|x64
		{5FA17E78-4601-4B80-8170-621F9016326D}.Debug|x86.ActiveCfg = Debug|Win32
		{5FA17E78-4601-4B80-8170-621F9016326D}.Debug|x86.Build.0 = Debug|Win32
		{5FA17E78-4601-4B80-8170-621F9016326D}.Release|x64.ActiveCfg = Release|x64
		{5FA17E78-4601-4B80-8170-621F9016326D}.Release|x64.Build.0 = Release|x64
		{5FA17E78-4601-4B80-8170-621F9016326D}.Release|x86.ActiveCfg = Release|Win32
		{5FA17E78-4601-4B80-8170-621F9016326D}.Release|x86.Build.0 = Release|Win32
		{800BBEAE-D47E-4D36-9C9A-8ACBDFD16390}.Debug|x64.ActiveCfg = Debug|x64
		{800BBEAE-D47E-4D36-9C9A-8ACBDFD16390}.Debug|x64.Build.0 = Debug|x64
		{800BBEAE-D47E-4D36-9C9A-8ACBDFD16390}.Debug|x86.ActiveCfg = Debug|Win32
		{800BBEAE-D47E-4D36-9C9A-8ACBDFD16390}.Debug|x86.Build.0 = Debug|Win32
		{800BBEAE-D47E-4D36-9C9A-8ACBDFD16390}.Release|x64.ActiveCfg = Release|x64
		{800BBEAE-D47E-4D36-9C9A-8ACBDFD16390}.Release|x64.Build.0 = Release|x64
		{800BBEAE-D47E-4D36-9C9A-8ACBDFD16390}.Release|x86.ActiveCfg = Release|Win32
		{800BBEAE-D47E-4D36-9C9A-8ACBDFD16390}.Release|x86.Build.0 = Release|Win32
	EndGlobalSection
	GlobalSection(SolutionProperties) = preSolution
		HideSolutionNode = FALSE
	EndGlobalSection
	GlobalSection(ExtensibilityGlobals) = postSolution
		SolutionGuid = {B880FB96-ECD8-470F-B7F4-7F701AA5E076}
	EndGlobalSection
EndGlobal
